{
  "object": {
    "pins": [
      {
        "package": "CollectionExtensions",
        "repositoryURL": "https://github.com/elegantchaos/CollectionExtensions",
        "state": {
          "branch": null,
          "revision": "002f744b085c162f37783b8a629ae6364c558c3a",
          "version": "1.0.2"
        }
      },
      {
        "package": "Files",
        "repositoryURL": "https://github.com/elegantchaos/Files",
        "state": {
          "branch": null,
          "revision": "fab79dce95afdcc1b7c6983d6874176465bd210a",
          "version": "1.0.4"
        }
      },
      {
        "package": "Images",
        "repositoryURL": "https://github.com/elegantchaos/Images",
        "state": {
          "branch": null,
          "revision": "59a9088a3f83e4e074df55e6d74b38cf52ffe75d",
          "version": "1.0.0"
        }
      },
      {
        "package": "SemanticVersion",
        "repositoryURL": "https://github.com/elegantchaos/SemanticVersion",
        "state": {
          "branch": null,
          "revision": "6bda5a45a2f687a82a0fbb002bee8ad31e44f478",
          "version": "1.1.0"
        }
      }
    ]
  },
  "version": 1
}
