{
  "object": {
    "pins": [
      {
        "package": "Coercion",
        "repositoryURL": "https://github.com/elegantchaos/Coercion.git",
        "state": {
          "branch": null,
          "revision": "b459678c9455627a217d45a0c81081f3886bc965",
          "version": "1.0.4"
        }
      },
      {
        "package": "Files",
        "repositoryURL": "https://github.com/elegantchaos/Files.git",
        "state": {
          "branch": null,
          "revision": "0fc27ae20624324f3a44733412fad9649d588fed",
          "version": "1.1.3"
        }
      },
      {
        "package": "Images",
        "repositoryURL": "https://github.com/elegantchaos/Images.git",
        "state": {
          "branch": null,
          "revision": "59a9088a3f83e4e074df55e6d74b38cf52ffe75d",
          "version": "1.0.0"
        }
      },
      {
        "package": "SemanticVersion",
        "repositoryURL": "https://github.com/elegantchaos/SemanticVersion.git",
        "state": {
          "branch": null,
          "revision": "6bda5a45a2f687a82a0fbb002bee8ad31e44f478",
          "version": "1.1.0"
        }
      },
      {
        "package": "XCTestExtensions",
        "repositoryURL": "https://github.com/elegantchaos/XCTestExtensions.git",
        "state": {
          "branch": null,
          "revision": "15991478b5c9bda527a0a59567ad0fa26940f74c",
          "version": "1.1.2"
        }
      }
    ]
  },
  "version": 1
}
